
Microsoft Visual Studio Solution File, Format Version 12.00
# Visual Studio Version 17
VisualStudioVersion = 17.4.33205.214
MinimumVisualStudioVersion = 10.0.40219.1
Project("{FAE04EC0-301F-11D3-BF4B-00C04F79EFBC}") = "ProjectApiCompanyCTECH", "ProjectApiCompanyCTECH\ProjectApiCompanyCTECH.csproj", "{34071EC8-8996-47F8-A61B-2864FAA3E93D}"
EndProject
Global
	GlobalSection(SolutionConfigurationPlatforms) = preSolution
		Debug|Any CPU = Debug|Any CPU
		Release|Any CPU = Release|Any CPU
	EndGlobalSection
	GlobalSection(ProjectConfigurationPlatforms) = postSolution
		{34071EC8-8996-47F8-A61B-2864FAA3E93D}.Debug|Any CPU.ActiveCfg = Debug|Any CPU
		{34071EC8-8996-47F8-A61B-2864FAA3E93D}.Debug|Any CPU.Build.0 = Debug|Any CPU
		{34071EC8-8996-47F8-A61B-2864FAA3E93D}.Release|Any CPU.ActiveCfg = Release|Any CPU
		{34071EC8-8996-47F8-A61B-2864FAA3E93D}.Release|Any CPU.Build.0 = Release|Any CPU
	EndGlobalSection
	GlobalSection(SolutionProperties) = preSolution
		HideSolutionNode = FALSE
	EndGlobalSection
	GlobalSection(ExtensibilityGlobals) = postSolution
		SolutionGuid = {7C1F2ED2-908F-4367-9494-CE4B1FAA65F8}
	EndGlobalSection
EndGlobal
